// !$*UTF8*$!
{
	archiveVersion = 1;
	classes = {
	};
	objectVersion = 48;
	objects = {

/* Begin PBXBuildFile section */
		44189E22209853BF0076D5E9 /* User.swift in Sources */ = {isa = PBXBuildFile; fileRef = 44189E21209853BF0076D5E9 /* User.swift */; };
		44189E2A2099CE1E0076D5E9 /* WelcomeViewController.swift in Sources */ = {isa = PBXBuildFile; fileRef = 44189E292099CE1E0076D5E9 /* WelcomeViewController.swift */; };
		44189E432099EA080076D5E9 /* LogInViewController.swift in Sources */ = {isa = PBXBuildFile; fileRef = 44189E422099EA080076D5E9 /* LogInViewController.swift */; };
		44189E452099EA150076D5E9 /* RegisterViewController.swift in Sources */ = {isa = PBXBuildFile; fileRef = 44189E442099EA150076D5E9 /* RegisterViewController.swift */; };
		4481D660209AD5AA006259A2 /* logoGold.png in Resources */ = {isa = PBXBuildFile; fileRef = 4481D65D209AD5A9006259A2 /* logoGold.png */; };
		4481D661209AD5AA006259A2 /* berkeleyview.jpg in Resources */ = {isa = PBXBuildFile; fileRef = 4481D65E209AD5A9006259A2 /* berkeleyview.jpg */; };
		4481D662209AD5AA006259A2 /* logoWhite.png in Resources */ = {isa = PBXBuildFile; fileRef = 4481D65F209AD5AA006259A2 /* logoWhite.png */; };
		44CC709A20940B89009A1420 /* MealRecommend.swift in Sources */ = {isa = PBXBuildFile; fileRef = 44CC709920940B89009A1420 /* MealRecommend.swift */; };
		44CC709E20953CB0009A1420 /* Crossroads.swift in Sources */ = {isa = PBXBuildFile; fileRef = 44CC709D20953CB0009A1420 /* Crossroads.swift */; };
		6038A384207B3681006276F2 /* AppDelegate.swift in Sources */ = {isa = PBXBuildFile; fileRef = 6038A383207B3681006276F2 /* AppDelegate.swift */; };
		6038A386207B3681006276F2 /* ViewController.swift in Sources */ = {isa = PBXBuildFile; fileRef = 6038A385207B3681006276F2 /* ViewController.swift */; };
		6038A389207B3681006276F2 /* Main.storyboard in Resources */ = {isa = PBXBuildFile; fileRef = 6038A387207B3681006276F2 /* Main.storyboard */; settings = {ASSET_TAGS = (PickDiningHall, ); }; };
		6038A38B207B3681006276F2 /* Assets.xcassets in Resources */ = {isa = PBXBuildFile; fileRef = 6038A38A207B3681006276F2 /* Assets.xcassets */; };
		6038A38E207B3681006276F2 /* LaunchScreen.storyboard in Resources */ = {isa = PBXBuildFile; fileRef = 6038A38C207B3681006276F2 /* LaunchScreen.storyboard */; };
		60F18549209156B600DFEE3F /* MainController.swift in Sources */ = {isa = PBXBuildFile; fileRef = 60F18548209156B600DFEE3F /* MainController.swift */; };
/* End PBXBuildFile section */

/* Begin PBXFileReference section */
		44189E21209853BF0076D5E9 /* User.swift */ = {isa = PBXFileReference; lastKnownFileType = sourcecode.swift; path = User.swift; sourceTree = "<group>"; };
		44189E292099CE1E0076D5E9 /* WelcomeViewController.swift */ = {isa = PBXFileReference; lastKnownFileType = sourcecode.swift; path = WelcomeViewController.swift; sourceTree = "<group>"; };
		44189E412099E4450076D5E9 /* ViewFromTopOfCampanile_MicahelDrummond.jpg */ = {isa = PBXFileReference; lastKnownFileType = image.jpeg; path = ViewFromTopOfCampanile_MicahelDrummond.jpg; sourceTree = "<group>"; };
		44189E422099EA080076D5E9 /* LogInViewController.swift */ = {isa = PBXFileReference; lastKnownFileType = sourcecode.swift; path = LogInViewController.swift; sourceTree = "<group>"; };
		44189E442099EA150076D5E9 /* RegisterViewController.swift */ = {isa = PBXFileReference; lastKnownFileType = sourcecode.swift; path = RegisterViewController.swift; sourceTree = "<group>"; };
		4481D65D209AD5A9006259A2 /* logoGold.png */ = {isa = PBXFileReference; lastKnownFileType = image.png; name = logoGold.png; path = "../../../custom-app-data/logos/logoGold.png"; sourceTree = "<group>"; };
		4481D65E209AD5A9006259A2 /* berkeleyview.jpg */ = {isa = PBXFileReference; lastKnownFileType = image.jpeg; name = berkeleyview.jpg; path = "../../../custom-app-data/logos/berkeleyview.jpg"; sourceTree = "<group>"; };
		4481D65F209AD5AA006259A2 /* logoWhite.png */ = {isa = PBXFileReference; lastKnownFileType = image.png; name = logoWhite.png; path = "../../../custom-app-data/logos/logoWhite.png"; sourceTree = "<group>"; };
		44CC709920940B89009A1420 /* MealRecommend.swift */ = {isa = PBXFileReference; lastKnownFileType = sourcecode.swift; path = MealRecommend.swift; sourceTree = "<group>"; };
		44CC709D20953CB0009A1420 /* Crossroads.swift */ = {isa = PBXFileReference; lastKnownFileType = sourcecode.swift; path = Crossroads.swift; sourceTree = "<group>"; };
		6038A380207B3681006276F2 /* CalDining App.app */ = {isa = PBXFileReference; explicitFileType = wrapper.application; includeInIndex = 0; path = "CalDining App.app"; sourceTree = BUILT_PRODUCTS_DIR; };
		6038A383207B3681006276F2 /* AppDelegate.swift */ = {isa = PBXFileReference; lastKnownFileType = sourcecode.swift; path = AppDelegate.swift; sourceTree = "<group>"; };
		6038A385207B3681006276F2 /* ViewController.swift */ = {isa = PBXFileReference; lastKnownFileType = sourcecode.swift; path = ViewController.swift; sourceTree = "<group>"; };
		6038A388207B3681006276F2 /* Base */ = {isa = PBXFileReference; lastKnownFileType = file.storyboard; name = Base; path = Base.lproj/Main.storyboard; sourceTree = "<group>"; };
		6038A38A207B3681006276F2 /* Assets.xcassets */ = {isa = PBXFileReference; lastKnownFileType = folder.assetcatalog; path = Assets.xcassets; sourceTree = "<group>"; };
		6038A38D207B3681006276F2 /* Base */ = {isa = PBXFileReference; lastKnownFileType = file.storyboard; name = Base; path = Base.lproj/LaunchScreen.storyboard; sourceTree = "<group>"; };
		6038A38F207B3681006276F2 /* Info.plist */ = {isa = PBXFileReference; lastKnownFileType = text.plist.xml; path = Info.plist; sourceTree = "<group>"; };
		60F18548209156B600DFEE3F /* MainController.swift */ = {isa = PBXFileReference; lastKnownFileType = sourcecode.swift; path = MainController.swift; sourceTree = "<group>"; };
/* End PBXFileReference section */

/* Begin PBXFrameworksBuildPhase section */
		6038A37D207B3681006276F2 /* Frameworks */ = {
			isa = PBXFrameworksBuildPhase;
			buildActionMask = 2147483647;
			files = (
			);
			runOnlyForDeploymentPostprocessing = 0;
		};
/* End PBXFrameworksBuildPhase section */

/* Begin PBXGroup section */
		44189E342099DBBC0076D5E9 /* Pictures */ = {
			isa = PBXGroup;
			children = (
				4481D65E209AD5A9006259A2 /* berkeleyview.jpg */,
				4481D65D209AD5A9006259A2 /* logoGold.png */,
				4481D65F209AD5AA006259A2 /* logoWhite.png */,
				44189E412099E4450076D5E9 /* ViewFromTopOfCampanile_MicahelDrummond.jpg */,
			);
			name = Pictures;
			path = "New Group";
			sourceTree = "<group>";
		};
		44CC70912093D247009A1420 /* Controller */ = {
			isa = PBXGroup;
			children = (
				60F18548209156B600DFEE3F /* MainController.swift */,
				6038A385207B3681006276F2 /* ViewController.swift */,
				44189E292099CE1E0076D5E9 /* WelcomeViewController.swift */,
				44189E422099EA080076D5E9 /* LogInViewController.swift */,
				44189E442099EA150076D5E9 /* RegisterViewController.swift */,
			);
			path = Controller;
			sourceTree = "<group>";
		};
		44CC70932093D25B009A1420 /* View */ = {
			isa = PBXGroup;
			children = (
				6038A387207B3681006276F2 /* Main.storyboard */,
			);
			path = View;
			sourceTree = "<group>";
		};
		44CC70942093D269009A1420 /* Model */ = {
			isa = PBXGroup;
			children = (
				44CC709920940B89009A1420 /* MealRecommend.swift */,
				44CC709D20953CB0009A1420 /* Crossroads.swift */,
				44189E21209853BF0076D5E9 /* User.swift */,
			);
			path = Model;
			sourceTree = "<group>";
		};
		6038A377207B3681006276F2 = {
			isa = PBXGroup;
			children = (
				6038A382207B3681006276F2 /* CalDining App */,
				6038A381207B3681006276F2 /* Products */,
			);
			sourceTree = "<group>";
		};
		6038A381207B3681006276F2 /* Products */ = {
			isa = PBXGroup;
			children = (
				6038A380207B3681006276F2 /* CalDining App.app */,
			);
			name = Products;
			sourceTree = "<group>";
		};
		6038A382207B3681006276F2 /* CalDining App */ = {
			isa = PBXGroup;
			children = (
				44189E342099DBBC0076D5E9 /* Pictures */,
				44CC70942093D269009A1420 /* Model */,
				44CC70932093D25B009A1420 /* View */,
				44CC70912093D247009A1420 /* Controller */,
				6038A383207B3681006276F2 /* AppDelegate.swift */,
				6038A38A207B3681006276F2 /* Assets.xcassets */,
				6038A38C207B3681006276F2 /* LaunchScreen.storyboard */,
				6038A38F207B3681006276F2 /* Info.plist */,
			);
			path = "CalDining App";
			sourceTree = "<group>";
		};
/* End PBXGroup section */

/* Begin PBXNativeTarget section */
		6038A37F207B3681006276F2 /* CalDining App */ = {
			isa = PBXNativeTarget;
			buildConfigurationList = 6038A392207B3681006276F2 /* Build configuration list for PBXNativeTarget "CalDining App" */;
			buildPhases = (
				6038A37C207B3681006276F2 /* Sources */,
				6038A37D207B3681006276F2 /* Frameworks */,
				6038A37E207B3681006276F2 /* Resources */,
			);
			buildRules = (
			);
			dependencies = (
			);
			name = "CalDining App";
			productName = "CalDining App";
			productReference = 6038A380207B3681006276F2 /* CalDining App.app */;
			productType = "com.apple.product-type.application";
		};
/* End PBXNativeTarget section */

/* Begin PBXProject section */
		6038A378207B3681006276F2 /* Project object */ = {
			isa = PBXProject;
			attributes = {
				KnownAssetTags = (
					PickDiningHall,
				);
				LastSwiftUpdateCheck = 0920;
				LastUpgradeCheck = 0920;
				ORGANIZATIONNAME = "Jagpinder, Manan, Winston";
				TargetAttributes = {
					6038A37F207B3681006276F2 = {
						CreatedOnToolsVersion = 9.2;
						ProvisioningStyle = Automatic;
					};
				};
			};
			buildConfigurationList = 6038A37B207B3681006276F2 /* Build configuration list for PBXProject "CalDining App" */;
			compatibilityVersion = "Xcode 8.0";
			developmentRegion = en;
			hasScannedForEncodings = 0;
			knownRegions = (
				en,
				Base,
			);
			mainGroup = 6038A377207B3681006276F2;
			productRefGroup = 6038A381207B3681006276F2 /* Products */;
			projectDirPath = "";
			projectRoot = "";
			targets = (
				6038A37F207B3681006276F2 /* CalDining App */,
			);
		};
/* End PBXProject section */

/* Begin PBXResourcesBuildPhase section */
		6038A37E207B3681006276F2 /* Resources */ = {
			isa = PBXResourcesBuildPhase;
			buildActionMask = 2147483647;
			files = (
				6038A38E207B3681006276F2 /* LaunchScreen.storyboard in Resources */,
				6038A38B207B3681006276F2 /* Assets.xcassets in Resources */,
				4481D662209AD5AA006259A2 /* logoWhite.png in Resources */,
				6038A389207B3681006276F2 /* Main.storyboard in Resources */,
				4481D660209AD5AA006259A2 /* logoGold.png in Resources */,
				4481D661209AD5AA006259A2 /* berkeleyview.jpg in Resources */,
			);
			runOnlyForDeploymentPostprocessing = 0;
		};
/* End PBXResourcesBuildPhase section */

/* Begin PBXSourcesBuildPhase section */
		6038A37C207B3681006276F2 /* Sources */ = {
			isa = PBXSourcesBuildPhase;
			buildActionMask = 2147483647;
			files = (
				44CC709E20953CB0009A1420 /* Crossroads.swift in Sources */,
				44189E452099EA150076D5E9 /* RegisterViewController.swift in Sources */,
				6038A386207B3681006276F2 /* ViewController.swift in Sources */,
				44189E432099EA080076D5E9 /* LogInViewController.swift in Sources */,
				44189E22209853BF0076D5E9 /* User.swift in Sources */,
				60F18549209156B600DFEE3F /* MainController.swift in Sources */,
				6038A384207B3681006276F2 /* AppDelegate.swift in Sources */,
				44CC709A20940B89009A1420 /* MealRecommend.swift in Sources */,
				44189E2A2099CE1E0076D5E9 /* WelcomeViewController.swift in Sources */,
			);
			runOnlyForDeploymentPostprocessing = 0;
		};
/* End PBXSourcesBuildPhase section */

/* Begin PBXVariantGroup section */
		6038A387207B3681006276F2 /* Main.storyboard */ = {
			isa = PBXVariantGroup;
			children = (
				6038A388207B3681006276F2 /* Base */,
			);
			name = Main.storyboard;
			sourceTree = "<group>";
		};
		6038A38C207B3681006276F2 /* LaunchScreen.storyboard */ = {
			isa = PBXVariantGroup;
			children = (
				6038A38D207B3681006276F2 /* Base */,
			);
			name = LaunchScreen.storyboard;
			sourceTree = "<group>";
		};
/* End PBXVariantGroup section */

/* Begin XCBuildConfiguration section */
		6038A390207B3681006276F2 /* Debug */ = {
			isa = XCBuildConfiguration;
			buildSettings = {
				ALWAYS_SEARCH_USER_PATHS = NO;
				CLANG_ANALYZER_NONNULL = YES;
				CLANG_ANALYZER_NUMBER_OBJECT_CONVERSION = YES_AGGRESSIVE;
				CLANG_CXX_LANGUAGE_STANDARD = "gnu++14";
				CLANG_CXX_LIBRARY = "libc++";
				CLANG_ENABLE_MODULES = YES;
				CLANG_ENABLE_OBJC_ARC = YES;
				CLANG_WARN_BLOCK_CAPTURE_AUTORELEASING = YES;
				CLANG_WARN_BOOL_CONVERSION = YES;
				CLANG_WARN_COMMA = YES;
				CLANG_WARN_CONSTANT_CONVERSION = YES;
				CLANG_WARN_DIRECT_OBJC_ISA_USAGE = YES_ERROR;
				CLANG_WARN_DOCUMENTATION_COMMENTS = YES;
				CLANG_WARN_EMPTY_BODY = YES;
				CLANG_WARN_ENUM_CONVERSION = YES;
				CLANG_WARN_INFINITE_RECURSION = YES;
				CLANG_WARN_INT_CONVERSION = YES;
				CLANG_WARN_NON_LITERAL_NULL_CONVERSION = YES;
				CLANG_WARN_OBJC_LITERAL_CONVERSION = YES;
				CLANG_WARN_OBJC_ROOT_CLASS = YES_ERROR;
				CLANG_WARN_RANGE_LOOP_ANALYSIS = YES;
				CLANG_WARN_STRICT_PROTOTYPES = YES;
				CLANG_WARN_SUSPICIOUS_MOVE = YES;
				CLANG_WARN_UNGUARDED_AVAILABILITY = YES_AGGRESSIVE;
				CLANG_WARN_UNREACHABLE_CODE = YES;
				CLANG_WARN__DUPLICATE_METHOD_MATCH = YES;
				CODE_SIGN_IDENTITY = "iPhone Developer";
				COPY_PHASE_STRIP = NO;
				DEBUG_INFORMATION_FORMAT = dwarf;
				ENABLE_STRICT_OBJC_MSGSEND = YES;
				ENABLE_TESTABILITY = YES;
				GCC_C_LANGUAGE_STANDARD = gnu11;
				GCC_DYNAMIC_NO_PIC = NO;
				GCC_NO_COMMON_BLOCKS = YES;
				GCC_OPTIMIZATION_LEVEL = 0;
				GCC_PREPROCESSOR_DEFINITIONS = (
					"DEBUG=1",
					"$(inherited)",
				);
				GCC_WARN_64_TO_32_BIT_CONVERSION = YES;
				GCC_WARN_ABOUT_RETURN_TYPE = YES_ERROR;
				GCC_WARN_UNDECLARED_SELECTOR = YES;
				GCC_WARN_UNINITIALIZED_AUTOS = YES_AGGRESSIVE;
				GCC_WARN_UNUSED_FUNCTION = YES;
				GCC_WARN_UNUSED_VARIABLE = YES;
				IPHONEOS_DEPLOYMENT_TARGET = 11.2;
				MTL_ENABLE_DEBUG_INFO = YES;
				ONLY_ACTIVE_ARCH = YES;
				SDKROOT = iphoneos;
				SWIFT_ACTIVE_COMPILATION_CONDITIONS = DEBUG;
				SWIFT_OPTIMIZATION_LEVEL = "-Onone";
			};
			name = Debug;
		};
		6038A391207B3681006276F2 /* Release */ = {
			isa = XCBuildConfiguration;
			buildSettings = {
				ALWAYS_SEARCH_USER_PATHS = NO;
				CLANG_ANALYZER_NONNULL = YES;
				CLANG_ANALYZER_NUMBER_OBJECT_CONVERSION = YES_AGGRESSIVE;
				CLANG_CXX_LANGUAGE_STANDARD = "gnu++14";
				CLANG_CXX_LIBRARY = "libc++";
				CLANG_ENABLE_MODULES = YES;
				CLANG_ENABLE_OBJC_ARC = YES;
				CLANG_WARN_BLOCK_CAPTURE_AUTORELEASING = YES;
				CLANG_WARN_BOOL_CONVERSION = YES;
				CLANG_WARN_COMMA = YES;
				CLANG_WARN_CONSTANT_CONVERSION = YES;
				CLANG_WARN_DIRECT_OBJC_ISA_USAGE = YES_ERROR;
				CLANG_WARN_DOCUMENTATION_COMMENTS = YES;
				CLANG_WARN_EMPTY_BODY = YES;
				CLANG_WARN_ENUM_CONVERSION = YES;
				CLANG_WARN_INFINITE_RECURSION = YES;
				CLANG_WARN_INT_CONVERSION = YES;
				CLANG_WARN_NON_LITERAL_NULL_CONVERSION = YES;
				CLANG_WARN_OBJC_LITERAL_CONVERSION = YES;
				CLANG_WARN_OBJC_ROOT_CLASS = YES_ERROR;
				CLANG_WARN_RANGE_LOOP_ANALYSIS = YES;
				CLANG_WARN_STRICT_PROTOTYPES = YES;
				CLANG_WARN_SUSPICIOUS_MOVE = YES;
				CLANG_WARN_UNGUARDED_AVAILABILITY = YES_AGGRESSIVE;
				CLANG_WARN_UNREACHABLE_CODE = YES;
				CLANG_WARN__DUPLICATE_METHOD_MATCH = YES;
				CODE_SIGN_IDENTITY = "iPhone Developer";
				COPY_PHASE_STRIP = NO;
				DEBUG_INFORMATION_FORMAT = "dwarf-with-dsym";
				ENABLE_NS_ASSERTIONS = NO;
				ENABLE_STRICT_OBJC_MSGSEND = YES;
				GCC_C_LANGUAGE_STANDARD = gnu11;
				GCC_NO_COMMON_BLOCKS = YES;
				GCC_WARN_64_TO_32_BIT_CONVERSION = YES;
				GCC_WARN_ABOUT_RETURN_TYPE = YES_ERROR;
				GCC_WARN_UNDECLARED_SELECTOR = YES;
				GCC_WARN_UNINITIALIZED_AUTOS = YES_AGGRESSIVE;
				GCC_WARN_UNUSED_FUNCTION = YES;
				GCC_WARN_UNUSED_VARIABLE = YES;
				IPHONEOS_DEPLOYMENT_TARGET = 11.2;
				MTL_ENABLE_DEBUG_INFO = NO;
				SDKROOT = iphoneos;
				SWIFT_OPTIMIZATION_LEVEL = "-Owholemodule";
				VALIDATE_PRODUCT = YES;
			};
			name = Release;
		};
		6038A393207B3681006276F2 /* Debug */ = {
			isa = XCBuildConfiguration;
			buildSettings = {
				ASSETCATALOG_COMPILER_APPICON_NAME = AppIcon;
				CODE_SIGN_STYLE = Automatic;
				DEVELOPMENT_TEAM = 33LDUQQZNX;
				INFOPLIST_FILE = "CalDining App/Info.plist";
				LD_RUNPATH_SEARCH_PATHS = "$(inherited) @executable_path/Frameworks";
				PRODUCT_BUNDLE_IDENTIFIER = "com.winston.CalDining-App";
				PRODUCT_NAME = "$(TARGET_NAME)";
				SWIFT_VERSION = 4.0;
				TARGETED_DEVICE_FAMILY = "1,2";
			};
			name = Debug;
		};
		6038A394207B3681006276F2 /* Release */ = {
			isa = XCBuildConfiguration;
			buildSettings = {
				ASSETCATALOG_COMPILER_APPICON_NAME = AppIcon;
				CODE_SIGN_STYLE = Automatic;
				DEVELOPMENT_TEAM = 33LDUQQZNX;
				INFOPLIST_FILE = "CalDining App/Info.plist";
				LD_RUNPATH_SEARCH_PATHS = "$(inherited) @executable_path/Frameworks";
				PRODUCT_BUNDLE_IDENTIFIER = "com.winston.CalDining-App";
				PRODUCT_NAME = "$(TARGET_NAME)";
				SWIFT_VERSION = 4.0;
				TARGETED_DEVICE_FAMILY = "1,2";
			};
			name = Release;
		};
/* End XCBuildConfiguration section */

/* Begin XCConfigurationList section */
		6038A37B207B3681006276F2 /* Build configuration list for PBXProject "CalDining App" */ = {
			isa = XCConfigurationList;
			buildConfigurations = (
				6038A390207B3681006276F2 /* Debug */,
				6038A391207B3681006276F2 /* Release */,
			);
			defaultConfigurationIsVisible = 0;
			defaultConfigurationName = Release;
		};
		6038A392207B3681006276F2 /* Build configuration list for PBXNativeTarget "CalDining App" */ = {
			isa = XCConfigurationList;
			buildConfigurations = (
				6038A393207B3681006276F2 /* Debug */,
				6038A394207B3681006276F2 /* Release */,
			);
			defaultConfigurationIsVisible = 0;
			defaultConfigurationName = Release;
		};
/* End XCConfigurationList section */
	};
	rootObject = 6038A378207B3681006276F2 /* Project object */;
}
